// !$*UTF8*$!
{
	archiveVersion = 1;
	classes = {
	};
	objectVersion = 50;
	objects = {

/* Begin PBXBuildFile section */
		071A74FE2696B90300C2BBB2 /* AppDelegate.swift in Sources */ = {isa = PBXBuildFile; fileRef = 071A74FD2696B90300C2BBB2 /* AppDelegate.swift */; };
		071A75002696B90300C2BBB2 /* SceneDelegate.swift in Sources */ = {isa = PBXBuildFile; fileRef = 071A74FF2696B90300C2BBB2 /* SceneDelegate.swift */; };
		071A75022696B90300C2BBB2 /* ViewController.swift in Sources */ = {isa = PBXBuildFile; fileRef = 071A75012696B90300C2BBB2 /* ViewController.swift */; };
		071A75052696B90300C2BBB2 /* Main.storyboard in Resources */ = {isa = PBXBuildFile; fileRef = 071A75032696B90300C2BBB2 /* Main.storyboard */; };
		071A75072696B90400C2BBB2 /* Assets.xcassets in Resources */ = {isa = PBXBuildFile; fileRef = 071A75062696B90400C2BBB2 /* Assets.xcassets */; };
		071A750A2696B90400C2BBB2 /* LaunchScreen.storyboard in Resources */ = {isa = PBXBuildFile; fileRef = 071A75082696B90400C2BBB2 /* LaunchScreen.storyboard */; };
		071A75152696B90400C2BBB2 /* practice4Tests.swift in Sources */ = {isa = PBXBuildFile; fileRef = 071A75142696B90400C2BBB2 /* practice4Tests.swift */; };
		071A75202696B90400C2BBB2 /* practice4UITests.swift in Sources */ = {isa = PBXBuildFile; fileRef = 071A751F2696B90400C2BBB2 /* practice4UITests.swift */; };
		071A752E2696BB7900C2BBB2 /* Custombutton.swift in Sources */ = {isa = PBXBuildFile; fileRef = 071A752D2696BB7900C2BBB2 /* Custombutton.swift */; };
		071A75302696BECD00C2BBB2 /* NextPage.swift in Sources */ = {isa = PBXBuildFile; fileRef = 071A752F2696BECD00C2BBB2 /* NextPage.swift */; };
/* End PBXBuildFile section */

/* Begin PBXContainerItemProxy section */
		071A75112696B90400C2BBB2 /* PBXContainerItemProxy */ = {
			isa = PBXContainerItemProxy;
			containerPortal = 071A74F22696B90200C2BBB2 /* Project object */;
			proxyType = 1;
			remoteGlobalIDString = 071A74F92696B90300C2BBB2;
			remoteInfo = practice4;
		};
		071A751C2696B90400C2BBB2 /* PBXContainerItemProxy */ = {
			isa = PBXContainerItemProxy;
			containerPortal = 071A74F22696B90200C2BBB2 /* Project object */;
			proxyType = 1;
			remoteGlobalIDString = 071A74F92696B90300C2BBB2;
			remoteInfo = practice4;
		};
/* End PBXContainerItemProxy section */

/* Begin PBXFileReference section */
		071A74FA2696B90300C2BBB2 /* practice4.app */ = {isa = PBXFileReference; explicitFileType = wrapper.application; includeInIndex = 0; path = practice4.app; sourceTree = BUILT_PRODUCTS_DIR; };
		071A74FD2696B90300C2BBB2 /* AppDelegate.swift */ = {isa = PBXFileReference; lastKnownFileType = sourcecode.swift; path = AppDelegate.swift; sourceTree = "<group>"; };
		071A74FF2696B90300C2BBB2 /* SceneDelegate.swift */ = {isa = PBXFileReference; lastKnownFileType = sourcecode.swift; path = SceneDelegate.swift; sourceTree = "<group>"; };
		071A75012696B90300C2BBB2 /* ViewController.swift */ = {isa = PBXFileReference; lastKnownFileType = sourcecode.swift; path = ViewController.swift; sourceTree = "<group>"; };
		071A75042696B90300C2BBB2 /* Base */ = {isa = PBXFileReference; lastKnownFileType = file.storyboard; name = Base; path = Base.lproj/Main.storyboard; sourceTree = "<group>"; };
		071A75062696B90400C2BBB2 /* Assets.xcassets */ = {isa = PBXFileReference; lastKnownFileType = folder.assetcatalog; path = Assets.xcassets; sourceTree = "<group>"; };
		071A75092696B90400C2BBB2 /* Base */ = {isa = PBXFileReference; lastKnownFileType = file.storyboard; name = Base; path = Base.lproj/LaunchScreen.storyboard; sourceTree = "<group>"; };
		071A750B2696B90400C2BBB2 /* Info.plist */ = {isa = PBXFileReference; lastKnownFileType = text.plist.xml; path = Info.plist; sourceTree = "<group>"; };
		071A75102696B90400C2BBB2 /* practice4Tests.xctest */ = {isa = PBXFileReference; explicitFileType = wrapper.cfbundle; includeInIndex = 0; path = practice4Tests.xctest; sourceTree = BUILT_PRODUCTS_DIR; };
		071A75142696B90400C2BBB2 /* practice4Tests.swift */ = {isa = PBXFileReference; lastKnownFileType = sourcecode.swift; path = practice4Tests.swift; sourceTree = "<group>"; };
		071A75162696B90400C2BBB2 /* Info.plist */ = {isa = PBXFileReference; lastKnownFileType = text.plist.xml; path = Info.plist; sourceTree = "<group>"; };
		071A751B2696B90400C2BBB2 /* practice4UITests.xctest */ = {isa = PBXFileReference; explicitFileType = wrapper.cfbundle; includeInIndex = 0; path = practice4UITests.xctest; sourceTree = BUILT_PRODUCTS_DIR; };
		071A751F2696B90400C2BBB2 /* practice4UITests.swift */ = {isa = PBXFileReference; lastKnownFileType = sourcecode.swift; path = practice4UITests.swift; sourceTree = "<group>"; };
		071A75212696B90400C2BBB2 /* Info.plist */ = {isa = PBXFileReference; lastKnownFileType = text.plist.xml; path = Info.plist; sourceTree = "<group>"; };
		071A752D2696BB7900C2BBB2 /* Custombutton.swift */ = {isa = PBXFileReference; lastKnownFileType = sourcecode.swift; path = Custombutton.swift; sourceTree = "<group>"; };
		071A752F2696BECD00C2BBB2 /* NextPage.swift */ = {isa = PBXFileReference; lastKnownFileType = sourcecode.swift; path = NextPage.swift; sourceTree = "<group>"; };
/* End PBXFileReference section */

/* Begin PBXFrameworksBuildPhase section */
		071A74F72696B90300C2BBB2 /* Frameworks */ = {
			isa = PBXFrameworksBuildPhase;
			buildActionMask = 2147483647;
			files = (
			);
			runOnlyForDeploymentPostprocessing = 0;
		};
		071A750D2696B90400C2BBB2 /* Frameworks */ = {
			isa = PBXFrameworksBuildPhase;
			buildActionMask = 2147483647;
			files = (
			);
			runOnlyForDeploymentPostprocessing = 0;
		};
		071A75182696B90400C2BBB2 /* Frameworks */ = {
			isa = PBXFrameworksBuildPhase;
			buildActionMask = 2147483647;
			files = (
			);
			runOnlyForDeploymentPostprocessing = 0;
		};
/* End PBXFrameworksBuildPhase section */

/* Begin PBXGroup section */
		071A74F12696B90200C2BBB2 = {
			isa = PBXGroup;
			children = (
				071A74FC2696B90300C2BBB2 /* practice4 */,
				071A75132696B90400C2BBB2 /* practice4Tests */,
				071A751E2696B90400C2BBB2 /* practice4UITests */,
				071A74FB2696B90300C2BBB2 /* Products */,
			);
			sourceTree = "<group>";
		};
		071A74FB2696B90300C2BBB2 /* Products */ = {
			isa = PBXGroup;
			children = (
				071A74FA2696B90300C2BBB2 /* practice4.app */,
				071A75102696B90400C2BBB2 /* practice4Tests.xctest */,
				071A751B2696B90400C2BBB2 /* practice4UITests.xctest */,
			);
			name = Products;
			sourceTree = "<group>";
		};
		071A74FC2696B90300C2BBB2 /* practice4 */ = {
			isa = PBXGroup;
			children = (
				071A74FD2696B90300C2BBB2 /* AppDelegate.swift */,
				071A74FF2696B90300C2BBB2 /* SceneDelegate.swift */,
				071A75012696B90300C2BBB2 /* ViewController.swift */,
				071A75032696B90300C2BBB2 /* Main.storyboard */,
				071A75062696B90400C2BBB2 /* Assets.xcassets */,
				071A75082696B90400C2BBB2 /* LaunchScreen.storyboard */,
				071A750B2696B90400C2BBB2 /* Info.plist */,
				071A752D2696BB7900C2BBB2 /* Custombutton.swift */,
				071A752F2696BECD00C2BBB2 /* NextPage.swift */,
			);
			path = practice4;
			sourceTree = "<group>";
		};
		071A75132696B90400C2BBB2 /* practice4Tests */ = {
			isa = PBXGroup;
			children = (
				071A75142696B90400C2BBB2 /* practice4Tests.swift */,
				071A75162696B90400C2BBB2 /* Info.plist */,
			);
			path = practice4Tests;
			sourceTree = "<group>";
		};
		071A751E2696B90400C2BBB2 /* practice4UITests */ = {
			isa = PBXGroup;
			children = (
				071A751F2696B90400C2BBB2 /* practice4UITests.swift */,
				071A75212696B90400C2BBB2 /* Info.plist */,
			);
			path = practice4UITests;
			sourceTree = "<group>";
		};
/* End PBXGroup section */

/* Begin PBXNativeTarget section */
		071A74F92696B90300C2BBB2 /* practice4 */ = {
			isa = PBXNativeTarget;
			buildConfigurationList = 071A75242696B90400C2BBB2 /* Build configuration list for PBXNativeTarget "practice4" */;
			buildPhases = (
				071A74F62696B90300C2BBB2 /* Sources */,
				071A74F72696B90300C2BBB2 /* Frameworks */,
				071A74F82696B90300C2BBB2 /* Resources */,
			);
			buildRules = (
			);
			dependencies = (
			);
			name = practice4;
			productName = practice4;
			productReference = 071A74FA2696B90300C2BBB2 /* practice4.app */;
			productType = "com.apple.product-type.application";
		};
		071A750F2696B90400C2BBB2 /* practice4Tests */ = {
			isa = PBXNativeTarget;
			buildConfigurationList = 071A75272696B90400C2BBB2 /* Build configuration list for PBXNativeTarget "practice4Tests" */;
			buildPhases = (
				071A750C2696B90400C2BBB2 /* Sources */,
				071A750D2696B90400C2BBB2 /* Frameworks */,
				071A750E2696B90400C2BBB2 /* Resources */,
			);
			buildRules = (
			);
			dependencies = (
				071A75122696B90400C2BBB2 /* PBXTargetDependency */,
			);
			name = practice4Tests;
			productName = practice4Tests;
			productReference = 071A75102696B90400C2BBB2 /* practice4Tests.xctest */;
			productType = "com.apple.product-type.bundle.unit-test";
		};
		071A751A2696B90400C2BBB2 /* practice4UITests */ = {
			isa = PBXNativeTarget;
			buildConfigurationList = 071A752A2696B90400C2BBB2 /* Build configuration list for PBXNativeTarget "practice4UITests" */;
			buildPhases = (
				071A75172696B90400C2BBB2 /* Sources */,
				071A75182696B90400C2BBB2 /* Frameworks */,
				071A75192696B90400C2BBB2 /* Resources */,
			);
			buildRules = (
			);
			dependencies = (
				071A751D2696B90400C2BBB2 /* PBXTargetDependency */,
			);
			name = practice4UITests;
			productName = practice4UITests;
			productReference = 071A751B2696B90400C2BBB2 /* practice4UITests.xctest */;
			productType = "com.apple.product-type.bundle.ui-testing";
		};
/* End PBXNativeTarget section */

/* Begin PBXProject section */
		071A74F22696B90200C2BBB2 /* Project object */ = {
			isa = PBXProject;
			attributes = {
				LastSwiftUpdateCheck = 1150;
				LastUpgradeCheck = 1150;
				ORGANIZATIONNAME = "Sakai Syunya";
				TargetAttributes = {
					071A74F92696B90300C2BBB2 = {
						CreatedOnToolsVersion = 11.5;
					};
					071A750F2696B90400C2BBB2 = {
						CreatedOnToolsVersion = 11.5;
						TestTargetID = 071A74F92696B90300C2BBB2;
					};
					071A751A2696B90400C2BBB2 = {
						CreatedOnToolsVersion = 11.5;
						TestTargetID = 071A74F92696B90300C2BBB2;
					};
				};
			};
			buildConfigurationList = 071A74F52696B90200C2BBB2 /* Build configuration list for PBXProject "practice4" */;
			compatibilityVersion = "Xcode 9.3";
			developmentRegion = en;
			hasScannedForEncodings = 0;
			knownRegions = (
				en,
				Base,
			);
			mainGroup = 071A74F12696B90200C2BBB2;
			productRefGroup = 071A74FB2696B90300C2BBB2 /* Products */;
			projectDirPath = "";
			projectRoot = "";
			targets = (
				071A74F92696B90300C2BBB2 /* practice4 */,
				071A750F2696B90400C2BBB2 /* practice4Tests */,
				071A751A2696B90400C2BBB2 /* practice4UITests */,
			);
		};
/* End PBXProject section */

/* Begin PBXResourcesBuildPhase section */
		071A74F82696B90300C2BBB2 /* Resources */ = {
			isa = PBXResourcesBuildPhase;
			buildActionMask = 2147483647;
			files = (
				071A750A2696B90400C2BBB2 /* LaunchScreen.storyboard in Resources */,
				071A75072696B90400C2BBB2 /* Assets.xcassets in Resources */,
				071A75052696B90300C2BBB2 /* Main.storyboard in Resources */,
			);
			runOnlyForDeploymentPostprocessing = 0;
		};
		071A750E2696B90400C2BBB2 /* Resources */ = {
			isa = PBXResourcesBuildPhase;
			buildActionMask = 2147483647;
			files = (
			);
			runOnlyForDeploymentPostprocessing = 0;
		};
		071A75192696B90400C2BBB2 /* Resources */ = {
			isa = PBXResourcesBuildPhase;
			buildActionMask = 2147483647;
			files = (
			);
			runOnlyForDeploymentPostprocessing = 0;
		};
/* End PBXResourcesBuildPhase section */

/* Begin PBXSourcesBuildPhase section */
		071A74F62696B90300C2BBB2 /* Sources */ = {
			isa = PBXSourcesBuildPhase;
			buildActionMask = 2147483647;
			files = (
				071A752E2696BB7900C2BBB2 /* Custombutton.swift in Sources */,
				071A75022696B90300C2BBB2 /* ViewController.swift in Sources */,
				071A74FE2696B90300C2BBB2 /* AppDelegate.swift in Sources */,
				071A75302696BECD00C2BBB2 /* NextPage.swift in Sources */,
				071A75002696B90300C2BBB2 /* SceneDelegate.swift in Sources */,
			);
			runOnlyForDeploymentPostprocessing = 0;
		};
		071A750C2696B90400C2BBB2 /* Sources */ = {
			isa = PBXSourcesBuildPhase;
			buildActionMask = 2147483647;
			files = (
				071A75152696B90400C2BBB2 /* practice4Tests.swift in Sources */,
			);
			runOnlyForDeploymentPostprocessing = 0;
		};
		071A75172696B90400C2BBB2 /* Sources */ = {
			isa = PBXSourcesBuildPhase;
			buildActionMask = 2147483647;
			files = (
				071A75202696B90400C2BBB2 /* practice4UITests.swift in Sources */,
			);
			runOnlyForDeploymentPostprocessing = 0;
		};
/* End PBXSourcesBuildPhase section */

/* Begin PBXTargetDependency section */
		071A75122696B90400C2BBB2 /* PBXTargetDependency */ = {
			isa = PBXTargetDependency;
			target = 071A74F92696B90300C2BBB2 /* practice4 */;
			targetProxy = 071A75112696B90400C2BBB2 /* PBXContainerItemProxy */;
		};
		071A751D2696B90400C2BBB2 /* PBXTargetDependency */ = {
			isa = PBXTargetDependency;
			target = 071A74F92696B90300C2BBB2 /* practice4 */;
			targetProxy = 071A751C2696B90400C2BBB2 /* PBXContainerItemProxy */;
		};
/* End PBXTargetDependency section */

/* Begin PBXVariantGroup section */
		071A75032696B90300C2BBB2 /* Main.storyboard */ = {
			isa = PBXVariantGroup;
			children = (
				071A75042696B90300C2BBB2 /* Base */,
			);
			name = Main.storyboard;
			sourceTree = "<group>";
		};
		071A75082696B90400C2BBB2 /* LaunchScreen.storyboard */ = {
			isa = PBXVariantGroup;
			children = (
				071A75092696B90400C2BBB2 /* Base */,
			);
			name = LaunchScreen.storyboard;
			sourceTree = "<group>";
		};
/* End PBXVariantGroup section */

/* Begin XCBuildConfiguration section */
		071A75222696B90400C2BBB2 /* Debug */ = {
			isa = XCBuildConfiguration;
			buildSettings = {
				ALWAYS_SEARCH_USER_PATHS = NO;
				CLANG_ANALYZER_NONNULL = YES;
				CLANG_ANALYZER_NUMBER_OBJECT_CONVERSION = YES_AGGRESSIVE;
				CLANG_CXX_LANGUAGE_STANDARD = "gnu++14";
				CLANG_CXX_LIBRARY = "libc++";
				CLANG_ENABLE_MODULES = YES;
				CLANG_ENABLE_OBJC_ARC = YES;
				CLANG_ENABLE_OBJC_WEAK = YES;
				CLANG_WARN_BLOCK_CAPTURE_AUTORELEASING = YES;
				CLANG_WARN_BOOL_CONVERSION = YES;
				CLANG_WARN_COMMA = YES;
				CLANG_WARN_CONSTANT_CONVERSION = YES;
				CLANG_WARN_DEPRECATED_OBJC_IMPLEMENTATIONS = YES;
				CLANG_WARN_DIRECT_OBJC_ISA_USAGE = YES_ERROR;
				CLANG_WARN_DOCUMENTATION_COMMENTS = YES;
				CLANG_WARN_EMPTY_BODY = YES;
				CLANG_WARN_ENUM_CONVERSION = YES;
				CLANG_WARN_INFINITE_RECURSION = YES;
				CLANG_WARN_INT_CONVERSION = YES;
				CLANG_WARN_NON_LITERAL_NULL_CONVERSION = YES;
				CLANG_WARN_OBJC_IMPLICIT_RETAIN_SELF = YES;
				CLANG_WARN_OBJC_LITERAL_CONVERSION = YES;
				CLANG_WARN_OBJC_ROOT_CLASS = YES_ERROR;
				CLANG_WARN_RANGE_LOOP_ANALYSIS = YES;
				CLANG_WARN_STRICT_PROTOTYPES = YES;
				CLANG_WARN_SUSPICIOUS_MOVE = YES;
				CLANG_WARN_UNGUARDED_AVAILABILITY = YES_AGGRESSIVE;
				CLANG_WARN_UNREACHABLE_CODE = YES;
				CLANG_WARN__DUPLICATE_METHOD_MATCH = YES;
				COPY_PHASE_STRIP = NO;
				DEBUG_INFORMATION_FORMAT = dwarf;
				ENABLE_STRICT_OBJC_MSGSEND = YES;
				ENABLE_TESTABILITY = YES;
				GCC_C_LANGUAGE_STANDARD = gnu11;
				GCC_DYNAMIC_NO_PIC = NO;
				GCC_NO_COMMON_BLOCKS = YES;
				GCC_OPTIMIZATION_LEVEL = 0;
				GCC_PREPROCESSOR_DEFINITIONS = (
					"DEBUG=1",
					"$(inherited)",
				);
				GCC_WARN_64_TO_32_BIT_CONVERSION = YES;
				GCC_WARN_ABOUT_RETURN_TYPE = YES_ERROR;
				GCC_WARN_UNDECLARED_SELECTOR = YES;
				GCC_WARN_UNINITIALIZED_AUTOS = YES_AGGRESSIVE;
				GCC_WARN_UNUSED_FUNCTION = YES;
				GCC_WARN_UNUSED_VARIABLE = YES;
				IPHONEOS_DEPLOYMENT_TARGET = 13.5;
				MTL_ENABLE_DEBUG_INFO = INCLUDE_SOURCE;
				MTL_FAST_MATH = YES;
				ONLY_ACTIVE_ARCH = YES;
				SDKROOT = iphoneos;
				SWIFT_ACTIVE_COMPILATION_CONDITIONS = DEBUG;
				SWIFT_OPTIMIZATION_LEVEL = "-Onone";
			};
			name = Debug;
		};
		071A75232696B90400C2BBB2 /* Release */ = {
			isa = XCBuildConfiguration;
			buildSettings = {
				ALWAYS_SEARCH_USER_PATHS = NO;
				CLANG_ANALYZER_NONNULL = YES;
				CLANG_ANALYZER_NUMBER_OBJECT_CONVERSION = YES_AGGRESSIVE;
				CLANG_CXX_LANGUAGE_STANDARD = "gnu++14";
				CLANG_CXX_LIBRARY = "libc++";
				CLANG_ENABLE_MODULES = YES;
				CLANG_ENABLE_OBJC_ARC = YES;
				CLANG_ENABLE_OBJC_WEAK = YES;
				CLANG_WARN_BLOCK_CAPTURE_AUTORELEASING = YES;
				CLANG_WARN_BOOL_CONVERSION = YES;
				CLANG_WARN_COMMA = YES;
				CLANG_WARN_CONSTANT_CONVERSION = YES;
				CLANG_WARN_DEPRECATED_OBJC_IMPLEMENTATIONS = YES;
				CLANG_WARN_DIRECT_OBJC_ISA_USAGE = YES_ERROR;
				CLANG_WARN_DOCUMENTATION_COMMENTS = YES;
				CLANG_WARN_EMPTY_BODY = YES;
				CLANG_WARN_ENUM_CONVERSION = YES;
				CLANG_WARN_INFINITE_RECURSION = YES;
				CLANG_WARN_INT_CONVERSION = YES;
				CLANG_WARN_NON_LITERAL_NULL_CONVERSION = YES;
				CLANG_WARN_OBJC_IMPLICIT_RETAIN_SELF = YES;
				CLANG_WARN_OBJC_LITERAL_CONVERSION = YES;
				CLANG_WARN_OBJC_ROOT_CLASS = YES_ERROR;
				CLANG_WARN_RANGE_LOOP_ANALYSIS = YES;
				CLANG_WARN_STRICT_PROTOTYPES = YES;
				CLANG_WARN_SUSPICIOUS_MOVE = YES;
				CLANG_WARN_UNGUARDED_AVAILABILITY = YES_AGGRESSIVE;
				CLANG_WARN_UNREACHABLE_CODE = YES;
				CLANG_WARN__DUPLICATE_METHOD_MATCH = YES;
				COPY_PHASE_STRIP = NO;
				DEBUG_INFORMATION_FORMAT = "dwarf-with-dsym";
				ENABLE_NS_ASSERTIONS = NO;
				ENABLE_STRICT_OBJC_MSGSEND = YES;
				GCC_C_LANGUAGE_STANDARD = gnu11;
				GCC_NO_COMMON_BLOCKS = YES;
				GCC_WARN_64_TO_32_BIT_CONVERSION = YES;
				GCC_WARN_ABOUT_RETURN_TYPE = YES_ERROR;
				GCC_WARN_UNDECLARED_SELECTOR = YES;
				GCC_WARN_UNINITIALIZED_AUTOS = YES_AGGRESSIVE;
				GCC_WARN_UNUSED_FUNCTION = YES;
				GCC_WARN_UNUSED_VARIABLE = YES;
				IPHONEOS_DEPLOYMENT_TARGET = 13.5;
				MTL_ENABLE_DEBUG_INFO = NO;
				MTL_FAST_MATH = YES;
				SDKROOT = iphoneos;
				SWIFT_COMPILATION_MODE = wholemodule;
				SWIFT_OPTIMIZATION_LEVEL = "-O";
				VALIDATE_PRODUCT = YES;
			};
			name = Release;
		};
		071A75252696B90400C2BBB2 /* Debug */ = {
			isa = XCBuildConfiguration;
			buildSettings = {
				ASSETCATALOG_COMPILER_APPICON_NAME = AppIcon;
				CODE_SIGN_STYLE = Automatic;
				INFOPLIST_FILE = practice4/Info.plist;
				LD_RUNPATH_SEARCH_PATHS = (
					"$(inherited)",
					"@executable_path/Frameworks",
				);
				PRODUCT_BUNDLE_IDENTIFIER = "com.sakai-mobileiOS.practice4";
				PRODUCT_NAME = "$(TARGET_NAME)";
				SWIFT_VERSION = 5.0;
				TARGETED_DEVICE_FAMILY = "1,2";
			};
			name = Debug;
		};
		071A75262696B90400C2BBB2 /* Release */ = {
			isa = XCBuildConfiguration;
			buildSettings = {
				ASSETCATALOG_COMPILER_APPICON_NAME = AppIcon;
				CODE_SIGN_STYLE = Automatic;
				INFOPLIST_FILE = practice4/Info.plist;
				LD_RUNPATH_SEARCH_PATHS = (
					"$(inherited)",
					"@executable_path/Frameworks",
				);
				PRODUCT_BUNDLE_IDENTIFIER = "com.sakai-mobileiOS.practice4";
				PRODUCT_NAME = "$(TARGET_NAME)";
				SWIFT_VERSION = 5.0;
				TARGETED_DEVICE_FAMILY = "1,2";
			};
			name = Release;
		};
		071A75282696B90400C2BBB2 /* Debug */ = {
			isa = XCBuildConfiguration;
			buildSettings = {
				ALWAYS_EMBED_SWIFT_STANDARD_LIBRARIES = YES;
				BUNDLE_LOADER = "$(TEST_HOST)";
				CODE_SIGN_STYLE = Automatic;
				INFOPLIST_FILE = practice4Tests/Info.plist;
				IPHONEOS_DEPLOYMENT_TARGET = 13.5;
				LD_RUNPATH_SEARCH_PATHS = (
					"$(inherited)",
					"@executable_path/Frameworks",
					"@loader_path/Frameworks",
				);
				PRODUCT_BUNDLE_IDENTIFIER = "com.sakai-mobileiOS.practice4Tests";
				PRODUCT_NAME = "$(TARGET_NAME)";
				SWIFT_VERSION = 5.0;
				TARGETED_DEVICE_FAMILY = "1,2";
				TEST_HOST = "$(BUILT_PRODUCTS_DIR)/practice4.app/practice4";
			};
			name = Debug;
		};
		071A75292696B90400C2BBB2 /* Release */ = {
			isa = XCBuildConfiguration;
			buildSettings = {
				ALWAYS_EMBED_SWIFT_STANDARD_LIBRARIES = YES;
				BUNDLE_LOADER = "$(TEST_HOST)";
				CODE_SIGN_STYLE = Automatic;
				INFOPLIST_FILE = practice4Tests/Info.plist;
				IPHONEOS_DEPLOYMENT_TARGET = 13.5;
				LD_RUNPATH_SEARCH_PATHS = (
					"$(inherited)",
					"@executable_path/Frameworks",
					"@loader_path/Frameworks",
				);
				PRODUCT_BUNDLE_IDENTIFIER = "com.sakai-mobileiOS.practice4Tests";
				PRODUCT_NAME = "$(TARGET_NAME)";
				SWIFT_VERSION = 5.0;
				TARGETED_DEVICE_FAMILY = "1,2";
				TEST_HOST = "$(BUILT_PRODUCTS_DIR)/practice4.app/practice4";
			};
			name = Release;
		};
		071A752B2696B90400C2BBB2 /* Debug */ = {
			isa = XCBuildConfiguration;
			buildSettings = {
				ALWAYS_EMBED_SWIFT_STANDARD_LIBRARIES = YES;
				CODE_SIGN_STYLE = Automatic;
				INFOPLIST_FILE = practice4UITests/Info.plist;
				LD_RUNPATH_SEARCH_PATHS = (
					"$(inherited)",
					"@executable_path/Frameworks",
					"@loader_path/Frameworks",
				);
				PRODUCT_BUNDLE_IDENTIFIER = "com.sakai-mobileiOS.practice4UITests";
				PRODUCT_NAME = "$(TARGET_NAME)";
				SWIFT_VERSION = 5.0;
				TARGETED_DEVICE_FAMILY = "1,2";
				TEST_TARGET_NAME = practice4;
			};
			name = Debug;
		};
		071A752C2696B90400C2BBB2 /* Release */ = {
			isa = XCBuildConfiguration;
			buildSettings = {
				ALWAYS_EMBED_SWIFT_STANDARD_LIBRARIES = YES;
				CODE_SIGN_STYLE = Automatic;
				INFOPLIST_FILE = practice4UITests/Info.plist;
				LD_RUNPATH_SEARCH_PATHS = (
					"$(inherited)",
					"@executable_path/Frameworks",
					"@loader_path/Frameworks",
				);
				PRODUCT_BUNDLE_IDENTIFIER = "com.sakai-mobileiOS.practice4UITests";
				PRODUCT_NAME = "$(TARGET_NAME)";
				SWIFT_VERSION = 5.0;
				TARGETED_DEVICE_FAMILY = "1,2";
				TEST_TARGET_NAME = practice4;
			};
			name = Release;
		};
/* End XCBuildConfiguration section */

/* Begin XCConfigurationList section */
		071A74F52696B90200C2BBB2 /* Build configuration list for PBXProject "practice4" */ = {
			isa = XCConfigurationList;
			buildConfigurations = (
				071A75222696B90400C2BBB2 /* Debug */,
				071A75232696B90400C2BBB2 /* Release */,
			);
			defaultConfigurationIsVisible = 0;
			defaultConfigurationName = Release;
		};
		071A75242696B90400C2BBB2 /* Build configuration list for PBXNativeTarget "practice4" */ = {
			isa = XCConfigurationList;
			buildConfigurations = (
				071A75252696B90400C2BBB2 /* Debug */,
				071A75262696B90400C2BBB2 /* Release */,
			);
			defaultConfigurationIsVisible = 0;
			defaultConfigurationName = Release;
		};
		071A75272696B90400C2BBB2 /* Build configuration list for PBXNativeTarget "practice4Tests" */ = {
			isa = XCConfigurationList;
			buildConfigurations = (
				071A75282696B90400C2BBB2 /* Debug */,
				071A75292696B90400C2BBB2 /* Release */,
			);
			defaultConfigurationIsVisible = 0;
			defaultConfigurationName = Release;
		};
		071A752A2696B90400C2BBB2 /* Build configuration list for PBXNativeTarget "practice4UITests" */ = {
			isa = XCConfigurationList;
			buildConfigurations = (
				071A752B2696B90400C2BBB2 /* Debug */,
				071A752C2696B90400C2BBB2 /* Release */,
			);
			defaultConfigurationIsVisible = 0;
			defaultConfigurationName = Release;
		};
/* End XCConfigurationList section */
	};
	rootObject = 071A74F22696B90200C2BBB2 /* Project object */;
}
